// !$*UTF8*$!
{
	archiveVersion = 1;
	classes = {
	};
	objectVersion = 51;
	objects = {

/* Begin PBXBuildFile section */
		99D2CB05D72FB971283DBAC9 /* Pods_Tipapp.framework in Frameworks */ = {isa = PBXBuildFile; fileRef = 47C404B44B4BB6E9A5E25E70 /* Pods_Tipapp.framework */; };
		FD391BF623F7F806008CE9EA /* NewShiftViewController.swift in Sources */ = {isa = PBXBuildFile; fileRef = FD391BF523F7F806008CE9EA /* NewShiftViewController.swift */; };
		FD7B110E23D4D86600E9B60C /* AppDelegate.swift in Sources */ = {isa = PBXBuildFile; fileRef = FD7B110D23D4D86600E9B60C /* AppDelegate.swift */; };
		FD7B111023D4D86600E9B60C /* SceneDelegate.swift in Sources */ = {isa = PBXBuildFile; fileRef = FD7B110F23D4D86600E9B60C /* SceneDelegate.swift */; };
		FD7B111223D4D86600E9B60C /* WelcomeViewController.swift in Sources */ = {isa = PBXBuildFile; fileRef = FD7B111123D4D86600E9B60C /* WelcomeViewController.swift */; };
		FD7B111523D4D86600E9B60C /* Main.storyboard in Resources */ = {isa = PBXBuildFile; fileRef = FD7B111323D4D86600E9B60C /* Main.storyboard */; };
		FD7B111723D4D86700E9B60C /* Assets.xcassets in Resources */ = {isa = PBXBuildFile; fileRef = FD7B111623D4D86700E9B60C /* Assets.xcassets */; };
		FD7B111A23D4D86700E9B60C /* LaunchScreen.storyboard in Resources */ = {isa = PBXBuildFile; fileRef = FD7B111823D4D86700E9B60C /* LaunchScreen.storyboard */; };
		FD7B113523D4EBB300E9B60C /* Rubik-MediumItalic.ttf in Resources */ = {isa = PBXBuildFile; fileRef = FD7B112B23D4EBB100E9B60C /* Rubik-MediumItalic.ttf */; };
		FD7B113623D4EBB300E9B60C /* Rubik-Italic.ttf in Resources */ = {isa = PBXBuildFile; fileRef = FD7B112C23D4EBB100E9B60C /* Rubik-Italic.ttf */; };
		FD7B113723D4EBB300E9B60C /* Rubik-BlackItalic.ttf in Resources */ = {isa = PBXBuildFile; fileRef = FD7B112D23D4EBB200E9B60C /* Rubik-BlackItalic.ttf */; };
		FD7B113823D4EBB300E9B60C /* Rubik-BoldItalic.ttf in Resources */ = {isa = PBXBuildFile; fileRef = FD7B112E23D4EBB200E9B60C /* Rubik-BoldItalic.ttf */; };
		FD7B113923D4EBB300E9B60C /* Rubik-Black.ttf in Resources */ = {isa = PBXBuildFile; fileRef = FD7B112F23D4EBB200E9B60C /* Rubik-Black.ttf */; };
		FD7B113A23D4EBB300E9B60C /* Rubik-Light.ttf in Resources */ = {isa = PBXBuildFile; fileRef = FD7B113023D4EBB200E9B60C /* Rubik-Light.ttf */; };
		FD7B113B23D4EBB300E9B60C /* Rubik-Bold.ttf in Resources */ = {isa = PBXBuildFile; fileRef = FD7B113123D4EBB200E9B60C /* Rubik-Bold.ttf */; };
		FD7B113C23D4EBB300E9B60C /* Rubik-Regular.ttf in Resources */ = {isa = PBXBuildFile; fileRef = FD7B113223D4EBB200E9B60C /* Rubik-Regular.ttf */; };
		FD7B113D23D4EBB300E9B60C /* Rubik-LightItalic.ttf in Resources */ = {isa = PBXBuildFile; fileRef = FD7B113323D4EBB200E9B60C /* Rubik-LightItalic.ttf */; };
		FD7B113E23D4EBB300E9B60C /* Rubik-Medium.ttf in Resources */ = {isa = PBXBuildFile; fileRef = FD7B113423D4EBB200E9B60C /* Rubik-Medium.ttf */; };
		FD9116E22407F04A00BC6A33 /* FirebaseBrain.swift in Sources */ = {isa = PBXBuildFile; fileRef = FD9116E12407F04A00BC6A33 /* FirebaseBrain.swift */; };
		FD9775DA23F9888400DEB434 /* Utilities.swift in Sources */ = {isa = PBXBuildFile; fileRef = FD9775D923F9888400DEB434 /* Utilities.swift */; };
		FDD37C1923D7473000CB0BE3 /* ShiftModel.swift in Sources */ = {isa = PBXBuildFile; fileRef = FDD37C1823D7473000CB0BE3 /* ShiftModel.swift */; };
		FDD37C1D23D749A400CB0BE3 /* RegisterViewController.swift in Sources */ = {isa = PBXBuildFile; fileRef = FDD37C1C23D749A400CB0BE3 /* RegisterViewController.swift */; };
		FDD37C1F23D749D200CB0BE3 /* LoginViewController.swift in Sources */ = {isa = PBXBuildFile; fileRef = FDD37C1E23D749D200CB0BE3 /* LoginViewController.swift */; };
		FDD37C2123D749E500CB0BE3 /* MainViewController.swift in Sources */ = {isa = PBXBuildFile; fileRef = FDD37C2023D749E500CB0BE3 /* MainViewController.swift */; };
		FDD37C2A23D751B300CB0BE3 /* GoogleService-Info.plist in Resources */ = {isa = PBXBuildFile; fileRef = FDD37C2923D751B300CB0BE3 /* GoogleService-Info.plist */; };
		FDD37C2C23D75E2500CB0BE3 /* Constants.swift in Sources */ = {isa = PBXBuildFile; fileRef = FDD37C2B23D75E2500CB0BE3 /* Constants.swift */; };
		FDD37C2E23D8496A00CB0BE3 /* UserModel.swift in Sources */ = {isa = PBXBuildFile; fileRef = FDD37C2D23D8496A00CB0BE3 /* UserModel.swift */; };
/* End PBXBuildFile section */

/* Begin PBXFileReference section */
		47C404B44B4BB6E9A5E25E70 /* Pods_Tipapp.framework */ = {isa = PBXFileReference; explicitFileType = wrapper.framework; includeInIndex = 0; path = Pods_Tipapp.framework; sourceTree = BUILT_PRODUCTS_DIR; };
		91878AECF1754061C7176788 /* Pods-Tipapp.release.xcconfig */ = {isa = PBXFileReference; includeInIndex = 1; lastKnownFileType = text.xcconfig; name = "Pods-Tipapp.release.xcconfig"; path = "Target Support Files/Pods-Tipapp/Pods-Tipapp.release.xcconfig"; sourceTree = "<group>"; };
		A9030D94974A2CE957D8507B /* Pods-Tipapp.debug.xcconfig */ = {isa = PBXFileReference; includeInIndex = 1; lastKnownFileType = text.xcconfig; name = "Pods-Tipapp.debug.xcconfig"; path = "Target Support Files/Pods-Tipapp/Pods-Tipapp.debug.xcconfig"; sourceTree = "<group>"; };
		FD391BF523F7F806008CE9EA /* NewShiftViewController.swift */ = {isa = PBXFileReference; lastKnownFileType = sourcecode.swift; path = NewShiftViewController.swift; sourceTree = "<group>"; };
		FD7B110A23D4D86600E9B60C /* Tipapp.app */ = {isa = PBXFileReference; explicitFileType = wrapper.application; includeInIndex = 0; path = Tipapp.app; sourceTree = BUILT_PRODUCTS_DIR; };
		FD7B110D23D4D86600E9B60C /* AppDelegate.swift */ = {isa = PBXFileReference; lastKnownFileType = sourcecode.swift; path = AppDelegate.swift; sourceTree = "<group>"; };
		FD7B110F23D4D86600E9B60C /* SceneDelegate.swift */ = {isa = PBXFileReference; lastKnownFileType = sourcecode.swift; path = SceneDelegate.swift; sourceTree = "<group>"; };
		FD7B111123D4D86600E9B60C /* WelcomeViewController.swift */ = {isa = PBXFileReference; lastKnownFileType = sourcecode.swift; path = WelcomeViewController.swift; sourceTree = "<group>"; };
		FD7B111423D4D86600E9B60C /* Base */ = {isa = PBXFileReference; lastKnownFileType = file.storyboard; name = Base; path = Base.lproj/Main.storyboard; sourceTree = "<group>"; };
		FD7B111623D4D86700E9B60C /* Assets.xcassets */ = {isa = PBXFileReference; lastKnownFileType = folder.assetcatalog; path = Assets.xcassets; sourceTree = "<group>"; };
		FD7B111923D4D86700E9B60C /* Base */ = {isa = PBXFileReference; lastKnownFileType = file.storyboard; name = Base; path = Base.lproj/LaunchScreen.storyboard; sourceTree = "<group>"; };
		FD7B111B23D4D86700E9B60C /* Info.plist */ = {isa = PBXFileReference; lastKnownFileType = text.plist.xml; path = Info.plist; sourceTree = "<group>"; };
		FD7B112B23D4EBB100E9B60C /* Rubik-MediumItalic.ttf */ = {isa = PBXFileReference; lastKnownFileType = file; path = "Rubik-MediumItalic.ttf"; sourceTree = "<group>"; };
		FD7B112C23D4EBB100E9B60C /* Rubik-Italic.ttf */ = {isa = PBXFileReference; lastKnownFileType = file; path = "Rubik-Italic.ttf"; sourceTree = "<group>"; };
		FD7B112D23D4EBB200E9B60C /* Rubik-BlackItalic.ttf */ = {isa = PBXFileReference; lastKnownFileType = file; path = "Rubik-BlackItalic.ttf"; sourceTree = "<group>"; };
		FD7B112E23D4EBB200E9B60C /* Rubik-BoldItalic.ttf */ = {isa = PBXFileReference; lastKnownFileType = file; path = "Rubik-BoldItalic.ttf"; sourceTree = "<group>"; };
		FD7B112F23D4EBB200E9B60C /* Rubik-Black.ttf */ = {isa = PBXFileReference; lastKnownFileType = file; path = "Rubik-Black.ttf"; sourceTree = "<group>"; };
		FD7B113023D4EBB200E9B60C /* Rubik-Light.ttf */ = {isa = PBXFileReference; lastKnownFileType = file; path = "Rubik-Light.ttf"; sourceTree = "<group>"; };
		FD7B113123D4EBB200E9B60C /* Rubik-Bold.ttf */ = {isa = PBXFileReference; lastKnownFileType = file; path = "Rubik-Bold.ttf"; sourceTree = "<group>"; };
		FD7B113223D4EBB200E9B60C /* Rubik-Regular.ttf */ = {isa = PBXFileReference; lastKnownFileType = file; path = "Rubik-Regular.ttf"; sourceTree = "<group>"; };
		FD7B113323D4EBB200E9B60C /* Rubik-LightItalic.ttf */ = {isa = PBXFileReference; lastKnownFileType = file; path = "Rubik-LightItalic.ttf"; sourceTree = "<group>"; };
		FD7B113423D4EBB200E9B60C /* Rubik-Medium.ttf */ = {isa = PBXFileReference; lastKnownFileType = file; path = "Rubik-Medium.ttf"; sourceTree = "<group>"; };
		FD9116E12407F04A00BC6A33 /* FirebaseBrain.swift */ = {isa = PBXFileReference; lastKnownFileType = sourcecode.swift; path = FirebaseBrain.swift; sourceTree = "<group>"; };
		FD9775D923F9888400DEB434 /* Utilities.swift */ = {isa = PBXFileReference; lastKnownFileType = sourcecode.swift; path = Utilities.swift; sourceTree = "<group>"; };
		FDD37C1823D7473000CB0BE3 /* ShiftModel.swift */ = {isa = PBXFileReference; lastKnownFileType = sourcecode.swift; path = ShiftModel.swift; sourceTree = "<group>"; };
		FDD37C1C23D749A400CB0BE3 /* RegisterViewController.swift */ = {isa = PBXFileReference; lastKnownFileType = sourcecode.swift; name = RegisterViewController.swift; path = Tipapp/Controllers/RegisterViewController.swift; sourceTree = SOURCE_ROOT; };
		FDD37C1E23D749D200CB0BE3 /* LoginViewController.swift */ = {isa = PBXFileReference; lastKnownFileType = sourcecode.swift; path = LoginViewController.swift; sourceTree = "<group>"; };
		FDD37C2023D749E500CB0BE3 /* MainViewController.swift */ = {isa = PBXFileReference; lastKnownFileType = sourcecode.swift; path = MainViewController.swift; sourceTree = "<group>"; };
		FDD37C2923D751B300CB0BE3 /* GoogleService-Info.plist */ = {isa = PBXFileReference; lastKnownFileType = text.plist; path = "GoogleService-Info.plist"; sourceTree = SOURCE_ROOT; };
		FDD37C2B23D75E2500CB0BE3 /* Constants.swift */ = {isa = PBXFileReference; lastKnownFileType = sourcecode.swift; path = Constants.swift; sourceTree = "<group>"; };
		FDD37C2D23D8496A00CB0BE3 /* UserModel.swift */ = {isa = PBXFileReference; lastKnownFileType = sourcecode.swift; path = UserModel.swift; sourceTree = "<group>"; };
/* End PBXFileReference section */

/* Begin PBXFrameworksBuildPhase section */
		FD7B110723D4D86600E9B60C /* Frameworks */ = {
			isa = PBXFrameworksBuildPhase;
			buildActionMask = 2147483647;
			files = (
				99D2CB05D72FB971283DBAC9 /* Pods_Tipapp.framework in Frameworks */,
			);
			runOnlyForDeploymentPostprocessing = 0;
		};
/* End PBXFrameworksBuildPhase section */

/* Begin PBXGroup section */
		5695028EFB1D5137D6D9A730 /* Pods */ = {
			isa = PBXGroup;
			children = (
				A9030D94974A2CE957D8507B /* Pods-Tipapp.debug.xcconfig */,
				91878AECF1754061C7176788 /* Pods-Tipapp.release.xcconfig */,
			);
			path = Pods;
			sourceTree = "<group>";
		};
		FA4E921B2F3972E8AC2D2C8D /* Frameworks */ = {
			isa = PBXGroup;
			children = (
				47C404B44B4BB6E9A5E25E70 /* Pods_Tipapp.framework */,
			);
			name = Frameworks;
			sourceTree = "<group>";
		};
		FD7B110123D4D86500E9B60C = {
			isa = PBXGroup;
			children = (
				FD7B110C23D4D86600E9B60C /* Tipapp */,
				FD7B110B23D4D86600E9B60C /* Products */,
				5695028EFB1D5137D6D9A730 /* Pods */,
				FA4E921B2F3972E8AC2D2C8D /* Frameworks */,
			);
			sourceTree = "<group>";
		};
		FD7B110B23D4D86600E9B60C /* Products */ = {
			isa = PBXGroup;
			children = (
				FD7B110A23D4D86600E9B60C /* Tipapp.app */,
			);
			name = Products;
			sourceTree = "<group>";
		};
		FD7B110C23D4D86600E9B60C /* Tipapp */ = {
			isa = PBXGroup;
			children = (
				FD7B110D23D4D86600E9B60C /* AppDelegate.swift */,
				FD7B110F23D4D86600E9B60C /* SceneDelegate.swift */,
				FDD37C2423D74BB600CB0BE3 /* Models */,
				FDD37C2323D74BA600CB0BE3 /* Views */,
				FDD37C2223D749FD00CB0BE3 /* Controllers */,
				FD7B111623D4D86700E9B60C /* Assets.xcassets */,
				FD7B113F23D4EBBD00E9B60C /* RubikFont */,
				FD7B111B23D4D86700E9B60C /* Info.plist */,
				FDD37C2923D751B300CB0BE3 /* GoogleService-Info.plist */,
				FDD37C2B23D75E2500CB0BE3 /* Constants.swift */,
			);
			path = Tipapp;
			sourceTree = "<group>";
		};
		FD7B113F23D4EBBD00E9B60C /* RubikFont */ = {
			isa = PBXGroup;
			children = (
				FD7B112F23D4EBB200E9B60C /* Rubik-Black.ttf */,
				FD7B112D23D4EBB200E9B60C /* Rubik-BlackItalic.ttf */,
				FD7B113123D4EBB200E9B60C /* Rubik-Bold.ttf */,
				FD7B112E23D4EBB200E9B60C /* Rubik-BoldItalic.ttf */,
				FD7B112C23D4EBB100E9B60C /* Rubik-Italic.ttf */,
				FD7B113023D4EBB200E9B60C /* Rubik-Light.ttf */,
				FD7B113323D4EBB200E9B60C /* Rubik-LightItalic.ttf */,
				FD7B113423D4EBB200E9B60C /* Rubik-Medium.ttf */,
				FD7B112B23D4EBB100E9B60C /* Rubik-MediumItalic.ttf */,
				FD7B113223D4EBB200E9B60C /* Rubik-Regular.ttf */,
			);
			path = RubikFont;
			sourceTree = "<group>";
		};
		FDD37C2223D749FD00CB0BE3 /* Controllers */ = {
			isa = PBXGroup;
			children = (
				FD7B111123D4D86600E9B60C /* WelcomeViewController.swift */,
				FDD37C1C23D749A400CB0BE3 /* RegisterViewController.swift */,
				FDD37C1E23D749D200CB0BE3 /* LoginViewController.swift */,
				FDD37C2023D749E500CB0BE3 /* MainViewController.swift */,
				FD391BF523F7F806008CE9EA /* NewShiftViewController.swift */,
				FD9775D923F9888400DEB434 /* Utilities.swift */,
			);
			path = Controllers;
			sourceTree = "<group>";
		};
		FDD37C2323D74BA600CB0BE3 /* Views */ = {
			isa = PBXGroup;
			children = (
				FD7B111823D4D86700E9B60C /* LaunchScreen.storyboard */,
				FD7B111323D4D86600E9B60C /* Main.storyboard */,
			);
			path = Views;
			sourceTree = "<group>";
		};
		FDD37C2423D74BB600CB0BE3 /* Models */ = {
			isa = PBXGroup;
			children = (
				FDD37C1823D7473000CB0BE3 /* ShiftModel.swift */,
				FDD37C2D23D8496A00CB0BE3 /* UserModel.swift */,
				FD9116E12407F04A00BC6A33 /* FirebaseBrain.swift */,
			);
			path = Models;
			sourceTree = "<group>";
		};
/* End PBXGroup section */

/* Begin PBXNativeTarget section */
		FD7B110923D4D86600E9B60C /* Tipapp */ = {
			isa = PBXNativeTarget;
			buildConfigurationList = FD7B111E23D4D86700E9B60C /* Build configuration list for PBXNativeTarget "Tipapp" */;
			buildPhases = (
				6DF6C073C361EAFA111BD484 /* [CP] Check Pods Manifest.lock */,
				FD7B110623D4D86600E9B60C /* Sources */,
				FD7B110723D4D86600E9B60C /* Frameworks */,
				FD7B110823D4D86600E9B60C /* Resources */,
				FA205DF0235161120C45B7D5 /* [CP] Embed Pods Frameworks */,
			);
			buildRules = (
			);
			dependencies = (
			);
			name = Tipapp;
			productName = Tipapp;
			productReference = FD7B110A23D4D86600E9B60C /* Tipapp.app */;
			productType = "com.apple.product-type.application";
		};
/* End PBXNativeTarget section */

/* Begin PBXProject section */
		FD7B110223D4D86500E9B60C /* Project object */ = {
			isa = PBXProject;
			attributes = {
				LastSwiftUpdateCheck = 1130;
				LastUpgradeCheck = 1130;
				ORGANIZATIONNAME = "Tomer Mildworth";
				TargetAttributes = {
					FD7B110923D4D86600E9B60C = {
						CreatedOnToolsVersion = 11.3.1;
					};
				};
			};
			buildConfigurationList = FD7B110523D4D86500E9B60C /* Build configuration list for PBXProject "Tipapp" */;
			compatibilityVersion = "Xcode 9.3";
			developmentRegion = en;
			hasScannedForEncodings = 0;
			knownRegions = (
				en,
				Base,
			);
			mainGroup = FD7B110123D4D86500E9B60C;
			productRefGroup = FD7B110B23D4D86600E9B60C /* Products */;
			projectDirPath = "";
			projectRoot = "";
			targets = (
				FD7B110923D4D86600E9B60C /* Tipapp */,
			);
		};
/* End PBXProject section */

/* Begin PBXResourcesBuildPhase section */
		FD7B110823D4D86600E9B60C /* Resources */ = {
			isa = PBXResourcesBuildPhase;
			buildActionMask = 2147483647;
			files = (
				FD7B113B23D4EBB300E9B60C /* Rubik-Bold.ttf in Resources */,
				FD7B113C23D4EBB300E9B60C /* Rubik-Regular.ttf in Resources */,
				FDD37C2A23D751B300CB0BE3 /* GoogleService-Info.plist in Resources */,
				FD7B111A23D4D86700E9B60C /* LaunchScreen.storyboard in Resources */,
				FD7B113823D4EBB300E9B60C /* Rubik-BoldItalic.ttf in Resources */,
				FD7B113623D4EBB300E9B60C /* Rubik-Italic.ttf in Resources */,
				FD7B113523D4EBB300E9B60C /* Rubik-MediumItalic.ttf in Resources */,
				FD7B113D23D4EBB300E9B60C /* Rubik-LightItalic.ttf in Resources */,
				FD7B113723D4EBB300E9B60C /* Rubik-BlackItalic.ttf in Resources */,
				FD7B113923D4EBB300E9B60C /* Rubik-Black.ttf in Resources */,
				FD7B113A23D4EBB300E9B60C /* Rubik-Light.ttf in Resources */,
				FD7B111723D4D86700E9B60C /* Assets.xcassets in Resources */,
				FD7B111523D4D86600E9B60C /* Main.storyboard in Resources */,
				FD7B113E23D4EBB300E9B60C /* Rubik-Medium.ttf in Resources */,
			);
			runOnlyForDeploymentPostprocessing = 0;
		};
/* End PBXResourcesBuildPhase section */

/* Begin PBXShellScriptBuildPhase section */
		6DF6C073C361EAFA111BD484 /* [CP] Check Pods Manifest.lock */ = {
			isa = PBXShellScriptBuildPhase;
			buildActionMask = 2147483647;
			files = (
			);
			inputFileListPaths = (
			);
			inputPaths = (
				"${PODS_PODFILE_DIR_PATH}/Podfile.lock",
				"${PODS_ROOT}/Manifest.lock",
			);
			name = "[CP] Check Pods Manifest.lock";
			outputFileListPaths = (
			);
			outputPaths = (
				"$(DERIVED_FILE_DIR)/Pods-Tipapp-checkManifestLockResult.txt",
			);
			runOnlyForDeploymentPostprocessing = 0;
			shellPath = /bin/sh;
			shellScript = "diff \"${PODS_PODFILE_DIR_PATH}/Podfile.lock\" \"${PODS_ROOT}/Manifest.lock\" > /dev/null\nif [ $? != 0 ] ; then\n    # print error to STDERR\n    echo \"error: The sandbox is not in sync with the Podfile.lock. Run 'pod install' or update your CocoaPods installation.\" >&2\n    exit 1\nfi\n# This output is used by Xcode 'outputs' to avoid re-running this script phase.\necho \"SUCCESS\" > \"${SCRIPT_OUTPUT_FILE_0}\"\n";
			showEnvVarsInLog = 0;
		};
		FA205DF0235161120C45B7D5 /* [CP] Embed Pods Frameworks */ = {
			isa = PBXShellScriptBuildPhase;
			buildActionMask = 2147483647;
			files = (
			);
			inputFileListPaths = (
				"${PODS_ROOT}/Target Support Files/Pods-Tipapp/Pods-Tipapp-frameworks-${CONFIGURATION}-input-files.xcfilelist",
			);
			name = "[CP] Embed Pods Frameworks";
			outputFileListPaths = (
				"${PODS_ROOT}/Target Support Files/Pods-Tipapp/Pods-Tipapp-frameworks-${CONFIGURATION}-output-files.xcfilelist",
			);
			runOnlyForDeploymentPostprocessing = 0;
			shellPath = /bin/sh;
			shellScript = "\"${PODS_ROOT}/Target Support Files/Pods-Tipapp/Pods-Tipapp-frameworks.sh\"\n";
			showEnvVarsInLog = 0;
		};
/* End PBXShellScriptBuildPhase section */

/* Begin PBXSourcesBuildPhase section */
		FD7B110623D4D86600E9B60C /* Sources */ = {
			isa = PBXSourcesBuildPhase;
			buildActionMask = 2147483647;
			files = (
				FDD37C1F23D749D200CB0BE3 /* LoginViewController.swift in Sources */,
				FD7B111223D4D86600E9B60C /* WelcomeViewController.swift in Sources */,
				FD9775DA23F9888400DEB434 /* Utilities.swift in Sources */,
				FD9116E22407F04A00BC6A33 /* FirebaseBrain.swift in Sources */,
				FD7B110E23D4D86600E9B60C /* AppDelegate.swift in Sources */,
				FDD37C1D23D749A400CB0BE3 /* RegisterViewController.swift in Sources */,
				FDD37C1923D7473000CB0BE3 /* ShiftModel.swift in Sources */,
				FD7B111023D4D86600E9B60C /* SceneDelegate.swift in Sources */,
				FD391BF623F7F806008CE9EA /* NewShiftViewController.swift in Sources */,
				FDD37C2123D749E500CB0BE3 /* MainViewController.swift in Sources */,
				FDD37C2E23D8496A00CB0BE3 /* UserModel.swift in Sources */,
				FDD37C2C23D75E2500CB0BE3 /* Constants.swift in Sources */,
			);
			runOnlyForDeploymentPostprocessing = 0;
		};
/* End PBXSourcesBuildPhase section */

/* Begin PBXVariantGroup section */
		FD7B111323D4D86600E9B60C /* Main.storyboard */ = {
			isa = PBXVariantGroup;
			children = (
				FD7B111423D4D86600E9B60C /* Base */,
			);
			name = Main.storyboard;
			sourceTree = "<group>";
		};
		FD7B111823D4D86700E9B60C /* LaunchScreen.storyboard */ = {
			isa = PBXVariantGroup;
			children = (
				FD7B111923D4D86700E9B60C /* Base */,
			);
			name = LaunchScreen.storyboard;
			sourceTree = "<group>";
		};
/* End PBXVariantGroup section */

/* Begin XCBuildConfiguration section */
		FD7B111C23D4D86700E9B60C /* Debug */ = {
			isa = XCBuildConfiguration;
			buildSettings = {
				ALWAYS_SEARCH_USER_PATHS = NO;
				CLANG_ANALYZER_NONNULL = YES;
				CLANG_ANALYZER_NUMBER_OBJECT_CONVERSION = YES_AGGRESSIVE;
				CLANG_CXX_LANGUAGE_STANDARD = "gnu++14";
				CLANG_CXX_LIBRARY = "libc++";
				CLANG_ENABLE_MODULES = YES;
				CLANG_ENABLE_OBJC_ARC = YES;
				CLANG_ENABLE_OBJC_WEAK = YES;
				CLANG_WARN_BLOCK_CAPTURE_AUTORELEASING = YES;
				CLANG_WARN_BOOL_CONVERSION = YES;
				CLANG_WARN_COMMA = YES;
				CLANG_WARN_CONSTANT_CONVERSION = YES;
				CLANG_WARN_DEPRECATED_OBJC_IMPLEMENTATIONS = YES;
				CLANG_WARN_DIRECT_OBJC_ISA_USAGE = YES_ERROR;
				CLANG_WARN_DOCUMENTATION_COMMENTS = YES;
				CLANG_WARN_EMPTY_BODY = YES;
				CLANG_WARN_ENUM_CONVERSION = YES;
				CLANG_WARN_INFINITE_RECURSION = YES;
				CLANG_WARN_INT_CONVERSION = YES;
				CLANG_WARN_NON_LITERAL_NULL_CONVERSION = YES;
				CLANG_WARN_OBJC_IMPLICIT_RETAIN_SELF = YES;
				CLANG_WARN_OBJC_LITERAL_CONVERSION = YES;
				CLANG_WARN_OBJC_ROOT_CLASS = YES_ERROR;
				CLANG_WARN_RANGE_LOOP_ANALYSIS = YES;
				CLANG_WARN_STRICT_PROTOTYPES = YES;
				CLANG_WARN_SUSPICIOUS_MOVE = YES;
				CLANG_WARN_UNGUARDED_AVAILABILITY = YES_AGGRESSIVE;
				CLANG_WARN_UNREACHABLE_CODE = YES;
				CLANG_WARN__DUPLICATE_METHOD_MATCH = YES;
				COPY_PHASE_STRIP = NO;
				DEBUG_INFORMATION_FORMAT = dwarf;
				ENABLE_STRICT_OBJC_MSGSEND = YES;
				ENABLE_TESTABILITY = YES;
				GCC_C_LANGUAGE_STANDARD = gnu11;
				GCC_DYNAMIC_NO_PIC = NO;
				GCC_NO_COMMON_BLOCKS = YES;
				GCC_OPTIMIZATION_LEVEL = 0;
				GCC_PREPROCESSOR_DEFINITIONS = (
					"DEBUG=1",
					"$(inherited)",
				);
				GCC_WARN_64_TO_32_BIT_CONVERSION = YES;
				GCC_WARN_ABOUT_RETURN_TYPE = YES_ERROR;
				GCC_WARN_UNDECLARED_SELECTOR = YES;
				GCC_WARN_UNINITIALIZED_AUTOS = YES_AGGRESSIVE;
				GCC_WARN_UNUSED_FUNCTION = YES;
				GCC_WARN_UNUSED_VARIABLE = YES;
				IPHONEOS_DEPLOYMENT_TARGET = 13.2;
				MTL_ENABLE_DEBUG_INFO = INCLUDE_SOURCE;
				MTL_FAST_MATH = YES;
				ONLY_ACTIVE_ARCH = YES;
				SDKROOT = iphoneos;
				SWIFT_ACTIVE_COMPILATION_CONDITIONS = DEBUG;
				SWIFT_OPTIMIZATION_LEVEL = "-Onone";
			};
			name = Debug;
		};
		FD7B111D23D4D86700E9B60C /* Release */ = {
			isa = XCBuildConfiguration;
			buildSettings = {
				ALWAYS_SEARCH_USER_PATHS = NO;
				CLANG_ANALYZER_NONNULL = YES;
				CLANG_ANALYZER_NUMBER_OBJECT_CONVERSION = YES_AGGRESSIVE;
				CLANG_CXX_LANGUAGE_STANDARD = "gnu++14";
				CLANG_CXX_LIBRARY = "libc++";
				CLANG_ENABLE_MODULES = YES;
				CLANG_ENABLE_OBJC_ARC = YES;
				CLANG_ENABLE_OBJC_WEAK = YES;
				CLANG_WARN_BLOCK_CAPTURE_AUTORELEASING = YES;
				CLANG_WARN_BOOL_CONVERSION = YES;
				CLANG_WARN_COMMA = YES;
				CLANG_WARN_CONSTANT_CONVERSION = YES;
				CLANG_WARN_DEPRECATED_OBJC_IMPLEMENTATIONS = YES;
				CLANG_WARN_DIRECT_OBJC_ISA_USAGE = YES_ERROR;
				CLANG_WARN_DOCUMENTATION_COMMENTS = YES;
				CLANG_WARN_EMPTY_BODY = YES;
				CLANG_WARN_ENUM_CONVERSION = YES;
				CLANG_WARN_INFINITE_RECURSION = YES;
				CLANG_WARN_INT_CONVERSION = YES;
				CLANG_WARN_NON_LITERAL_NULL_CONVERSION = YES;
				CLANG_WARN_OBJC_IMPLICIT_RETAIN_SELF = YES;
				CLANG_WARN_OBJC_LITERAL_CONVERSION = YES;
				CLANG_WARN_OBJC_ROOT_CLASS = YES_ERROR;
				CLANG_WARN_RANGE_LOOP_ANALYSIS = YES;
				CLANG_WARN_STRICT_PROTOTYPES = YES;
				CLANG_WARN_SUSPICIOUS_MOVE = YES;
				CLANG_WARN_UNGUARDED_AVAILABILITY = YES_AGGRESSIVE;
				CLANG_WARN_UNREACHABLE_CODE = YES;
				CLANG_WARN__DUPLICATE_METHOD_MATCH = YES;
				COPY_PHASE_STRIP = NO;
				DEBUG_INFORMATION_FORMAT = "dwarf-with-dsym";
				ENABLE_NS_ASSERTIONS = NO;
				ENABLE_STRICT_OBJC_MSGSEND = YES;
				GCC_C_LANGUAGE_STANDARD = gnu11;
				GCC_NO_COMMON_BLOCKS = YES;
				GCC_WARN_64_TO_32_BIT_CONVERSION = YES;
				GCC_WARN_ABOUT_RETURN_TYPE = YES_ERROR;
				GCC_WARN_UNDECLARED_SELECTOR = YES;
				GCC_WARN_UNINITIALIZED_AUTOS = YES_AGGRESSIVE;
				GCC_WARN_UNUSED_FUNCTION = YES;
				GCC_WARN_UNUSED_VARIABLE = YES;
				IPHONEOS_DEPLOYMENT_TARGET = 13.2;
				MTL_ENABLE_DEBUG_INFO = NO;
				MTL_FAST_MATH = YES;
				SDKROOT = iphoneos;
				SWIFT_COMPILATION_MODE = wholemodule;
				SWIFT_OPTIMIZATION_LEVEL = "-O";
				VALIDATE_PRODUCT = YES;
			};
			name = Release;
		};
		FD7B111F23D4D86700E9B60C /* Debug */ = {
			isa = XCBuildConfiguration;
			baseConfigurationReference = A9030D94974A2CE957D8507B /* Pods-Tipapp.debug.xcconfig */;
			buildSettings = {
				ASSETCATALOG_COMPILER_APPICON_NAME = AppIcon;
				CODE_SIGN_STYLE = Automatic;
				DEVELOPMENT_TEAM = 3XVNT44VU3;
				INFOPLIST_FILE = Tipapp/Info.plist;
				LD_RUNPATH_SEARCH_PATHS = (
					"$(inherited)",
					"@executable_path/Frameworks",
				);
				PRODUCT_BUNDLE_IDENTIFIER = com.tomermildworth.Tipapp;
				PRODUCT_NAME = "$(TARGET_NAME)";
				SWIFT_VERSION = 5.0;
				TARGETED_DEVICE_FAMILY = "1,2";
			};
			name = Debug;
		};
		FD7B112023D4D86700E9B60C /* Release */ = {
			isa = XCBuildConfiguration;
			baseConfigurationReference = 91878AECF1754061C7176788 /* Pods-Tipapp.release.xcconfig */;
			buildSettings = {
				ASSETCATALOG_COMPILER_APPICON_NAME = AppIcon;
				CODE_SIGN_STYLE = Automatic;
				DEVELOPMENT_TEAM = 3XVNT44VU3;
				INFOPLIST_FILE = Tipapp/Info.plist;
				LD_RUNPATH_SEARCH_PATHS = (
					"$(inherited)",
					"@executable_path/Frameworks",
				);
				PRODUCT_BUNDLE_IDENTIFIER = com.tomermildworth.Tipapp;
				PRODUCT_NAME = "$(TARGET_NAME)";
				SWIFT_VERSION = 5.0;
				TARGETED_DEVICE_FAMILY = "1,2";
			};
			name = Release;
		};
/* End XCBuildConfiguration section */

/* Begin XCConfigurationList section */
		FD7B110523D4D86500E9B60C /* Build configuration list for PBXProject "Tipapp" */ = {
			isa = XCConfigurationList;
			buildConfigurations = (
				FD7B111C23D4D86700E9B60C /* Debug */,
				FD7B111D23D4D86700E9B60C /* Release */,
			);
			defaultConfigurationIsVisible = 0;
			defaultConfigurationName = Release;
		};
		FD7B111E23D4D86700E9B60C /* Build configuration list for PBXNativeTarget "Tipapp" */ = {
			isa = XCConfigurationList;
			buildConfigurations = (
				FD7B111F23D4D86700E9B60C /* Debug */,
				FD7B112023D4D86700E9B60C /* Release */,
			);
			defaultConfigurationIsVisible = 0;
			defaultConfigurationName = Release;
		};
/* End XCConfigurationList section */
	};
	rootObject = FD7B110223D4D86500E9B60C /* Project object */;
}
